
Microsoft Visual Studio Solution File, Format Version 12.00
# Visual Studio Version 17
VisualStudioVersion = 17.8.34408.163
MinimumVisualStudioVersion = 10.0.40219.1
Project("{6EC3EE1D-3C4E-46DD-8F32-0CC8E7565705}") = "Game", "Game\Game.fsproj", "{7AA20A46-4B70-4E4A-B700-4EAE711B1EAF}"
EndProject
Project("{9A19103F-16F7-4668-BE54-9A1E7A4F7556}") = "Graphics", "Graphics\Graphics.csproj", "{9E109075-3B69-48AB-87EE-DA8F64E99350}"
EndProject
Global
	GlobalSection(SolutionConfigurationPlatforms) = preSolution
		Debug|Any CPU = Debug|Any CPU
		Release|Any CPU = Release|Any CPU
	EndGlobalSection
	GlobalSection(ProjectConfigurationPlatforms) = postSolution
		{7AA20A46-4B70-4E4A-B700-4EAE711B1EAF}.Debug|Any CPU.ActiveCfg = Debug|Any CPU
		{7AA20A46-4B70-4E4A-B700-4EAE711B1EAF}.Debug|Any CPU.Build.0 = Debug|Any CPU
		{7AA20A46-4B70-4E4A-B700-4EAE711B1EAF}.Release|Any CPU.ActiveCfg = Release|Any CPU
		{7AA20A46-4B70-4E4A-B700-4EAE711B1EAF}.Release|Any CPU.Build.0 = Release|Any CPU
		{9E109075-3B69-48AB-87EE-DA8F64E99350}.Debug|Any CPU.ActiveCfg = Debug|Any CPU
		{9E109075-3B69-48AB-87EE-DA8F64E99350}.Debug|Any CPU.Build.0 = Debug|Any CPU
		{9E109075-3B69-48AB-87EE-DA8F64E99350}.Release|Any CPU.ActiveCfg = Release|Any CPU
		{9E109075-3B69-48AB-87EE-DA8F64E99350}.Release|Any CPU.Build.0 = Release|Any CPU
	EndGlobalSection
	GlobalSection(SolutionProperties) = preSolution
		HideSolutionNode = FALSE
	EndGlobalSection
	GlobalSection(ExtensibilityGlobals) = postSolution
		SolutionGuid = {A84FE181-9738-4E75-9C00-A0583D809695}
	EndGlobalSection
EndGlobal
